
Microsoft Visual Studio Solution File, Format Version 12.00
# Visual Studio 15
VisualStudioVersion = 15.0.26430.16
MinimumVisualStudioVersion = 10.0.40219.1
Project("{8BC9CEB8-8B4A-11D0-8D11-00A0C91BC942}") = "YDLSerial", "YDLSerial\YDLSerial.vcxproj", "{B9333AD7-A172-423A-86DD-87DC57AA3A0C}"
EndProject
Global
	GlobalSection(SolutionConfigurationPlatforms) = preSolution
		Debug|Win32 = Debug|Win32
		Debug|x64 = Debug|x64
		Release|Win32 = Release|Win32
		Release|x64 = Release|x64
	EndGlobalSection
	GlobalSection(ProjectConfigurationPlatforms) = postSolution
		{B9333AD7-A172-423A-86DD-87DC57AA3A0C}.Debug|Win32.ActiveCfg = Debug|Win32
		{B9333AD7-A172-423A-86DD-87DC57AA3A0C}.Debug|Win32.Build.0 = Debug|Win32
		{B9333AD7-A172-423A-86DD-87DC57AA3A0C}.Debug|x64.ActiveCfg = Debug|x64
		{B9333AD7-A172-423A-86DD-87DC57AA3A0C}.Debug|x64.Build.0 = Debug|x64
		{B9333AD7-A172-423A-86DD-87DC57AA3A0C}.Release|Win32.ActiveCfg = Release|Win32
		{B9333AD7-A172-423A-86DD-87DC57AA3A0C}.Release|Win32.Build.0 = Release|Win32
		{B9333AD7-A172-423A-86DD-87DC57AA3A0C}.Release|x64.ActiveCfg = Release|x64
		{B9333AD7-A172-423A-86DD-87DC57AA3A0C}.Release|x64.Build.0 = Release|x64
	EndGlobalSection
	GlobalSection(SolutionProperties) = preSolution
		HideSolutionNode = FALSE
	EndGlobalSection
	GlobalSection(ExtensibilityGlobals) = postSolution
		VisualSVNWorkingCopyRoot = .
	EndGlobalSection
EndGlobal
